{
    "_readme": [
        "This file locks the dependencies of your project to a known state",
        "Read more about it at http://getcomposer.org/doc/01-basic-usage.md#composer-lock-the-lock-file"
    ],
    "hash": "8bbea06a53518c9cd17d3a98a5019fe8",
    "packages": [
        {
            "name": "facebook/webdriver",
            "version": "dev-master",
            "source": {
                "type": "git",
                "url": "https://github.com/facebook/php-webdriver.git",
                "reference": "f7777d1b9093c0ec799ceb998c95b484bec4477e"
            },
            "dist": {
                "type": "zip",
                "url": "https://api.github.com/repos/facebook/php-webdriver/zipball/f7777d1b9093c0ec799ceb998c95b484bec4477e",
                "reference": "f7777d1b9093c0ec799ceb998c95b484bec4477e",
                "shasum": ""
            },
            "require": {
                "php": ">=5.3.0"
            },
            "type": "library",
            "autoload": {
                "classmap": [
                    "lib/"
                ]
            },
            "notification-url": "https://packagist.org/downloads/",
            "license": [
                "Apache-2.0"
            ],
            "description": "A php client for WebDriver",
            "homepage": "https://github.com/facebook/php-webdriver",
            "time": "2013-09-26 21:49:11"
        }
    ],
    "packages-dev": [

    ],
    "aliases": [

    ],
    "minimum-stability": "stable",
    "stability-flags": {
        "facebook/webdriver": 20
    },
    "platform": [

    ],
    "platform-dev": [

    ]
}
